
Microsoft Visual Studio Solution File, Format Version 12.00
# Visual Studio 2013
VisualStudioVersion = 12.0.21005.1
MinimumVisualStudioVersion = 10.0.40219.1
Project("{FAE04EC0-301F-11D3-BF4B-00C04F79EFBC}") = "SimpleJenkins", "SimpleJenkins.csproj", "{D897E288-B280-4F67-9A54-76B32C889D27}"
EndProject
Project("{FAE04EC0-301F-11D3-BF4B-00C04F79EFBC}") = "SimpleJenkinsTest", "..\SimpleJenkinsTest\SimpleJenkinsTest.csproj", "{4B22FCB1-B487-4AC4-AF9A-691EEAC0AFC8}"
EndProject
Project("{FAE04EC0-301F-11D3-BF4B-00C04F79EFBC}") = "MVCResearch", "..\MVCResearch\MVCResearch\MVCResearch.csproj", "{F5DA1BBF-62D7-44F5-B9D6-743BD6079A01}"
EndProject
Global
	GlobalSection(SolutionConfigurationPlatforms) = preSolution
		Debug|Any CPU = Debug|Any CPU
		Release|Any CPU = Release|Any CPU
	EndGlobalSection
	GlobalSection(ProjectConfigurationPlatforms) = postSolution
		{D897E288-B280-4F67-9A54-76B32C889D27}.Debug|Any CPU.ActiveCfg = Debug|Any CPU
		{D897E288-B280-4F67-9A54-76B32C889D27}.Debug|Any CPU.Build.0 = Debug|Any CPU
		{D897E288-B280-4F67-9A54-76B32C889D27}.Release|Any CPU.ActiveCfg = Release|Any CPU
		{D897E288-B280-4F67-9A54-76B32C889D27}.Release|Any CPU.Build.0 = Release|Any CPU
		{4B22FCB1-B487-4AC4-AF9A-691EEAC0AFC8}.Debug|Any CPU.ActiveCfg = Debug|Any CPU
		{4B22FCB1-B487-4AC4-AF9A-691EEAC0AFC8}.Debug|Any CPU.Build.0 = Debug|Any CPU
		{4B22FCB1-B487-4AC4-AF9A-691EEAC0AFC8}.Release|Any CPU.ActiveCfg = Release|Any CPU
		{4B22FCB1-B487-4AC4-AF9A-691EEAC0AFC8}.Release|Any CPU.Build.0 = Release|Any CPU
		{F5DA1BBF-62D7-44F5-B9D6-743BD6079A01}.Debug|Any CPU.ActiveCfg = Debug|Any CPU
		{F5DA1BBF-62D7-44F5-B9D6-743BD6079A01}.Debug|Any CPU.Build.0 = Debug|Any CPU
		{F5DA1BBF-62D7-44F5-B9D6-743BD6079A01}.Release|Any CPU.ActiveCfg = Release|Any CPU
		{F5DA1BBF-62D7-44F5-B9D6-743BD6079A01}.Release|Any CPU.Build.0 = Release|Any CPU
	EndGlobalSection
	GlobalSection(SolutionProperties) = preSolution
		HideSolutionNode = FALSE
	EndGlobalSection
EndGlobal
